
Microsoft Visual Studio Solution File, Format Version 12.00
# Visual Studio Version 16
VisualStudioVersion = 16.0.32413.511
MinimumVisualStudioVersion = 10.0.40219.1
Project("{FAE04EC0-301F-11D3-BF4B-00C04F79EFBC}") = "Xaml", "Xaml\Xaml.csproj", "{BA365483-B02B-4032-B601-145916F8F807}"
EndProject
Global
	GlobalSection(SolutionConfigurationPlatforms) = preSolution
		Debug|Any CPU = Debug|Any CPU
		Release|Any CPU = Release|Any CPU
	EndGlobalSection
	GlobalSection(ProjectConfigurationPlatforms) = postSolution
		{BA365483-B02B-4032-B601-145916F8F807}.Debug|Any CPU.ActiveCfg = Debug|Any CPU
		{BA365483-B02B-4032-B601-145916F8F807}.Debug|Any CPU.Build.0 = Debug|Any CPU
		{BA365483-B02B-4032-B601-145916F8F807}.Release|Any CPU.ActiveCfg = Release|Any CPU
		{BA365483-B02B-4032-B601-145916F8F807}.Release|Any CPU.Build.0 = Release|Any CPU
	EndGlobalSection
	GlobalSection(SolutionProperties) = preSolution
		HideSolutionNode = FALSE
	EndGlobalSection
	GlobalSection(ExtensibilityGlobals) = postSolution
		SolutionGuid = {4D28BB0F-6C13-4030-BC63-990CC2141018}
	EndGlobalSection
EndGlobal
